
Microsoft Visual Studio Solution File, Format Version 12.00
# Visual Studio Version 17
VisualStudioVersion = 17.6.33723.286
MinimumVisualStudioVersion = 10.0.40219.1
Project("{9A19103F-16F7-4668-BE54-9A1E7A4F7556}") = "API", "API\API.csproj", "{A671E466-C324-4B9B-9CB9-F03BFFBB123C}"
EndProject
Project("{9A19103F-16F7-4668-BE54-9A1E7A4F7556}") = "Application", "Application\Application.csproj", "{ADCD7A23-778D-492F-8998-6D9FB26CA890}"
EndProject
Project("{9A19103F-16F7-4668-BE54-9A1E7A4F7556}") = "Domain", "Domain\Domain.csproj", "{F2390EDC-0BCA-44A0-93F6-2CC5B8F22E8C}"
EndProject
Project("{9A19103F-16F7-4668-BE54-9A1E7A4F7556}") = "Persistence", "Persistence\Persistence.csproj", "{B935424B-9559-4EF6-A9E0-857AEF236311}"
EndProject
Global
	GlobalSection(SolutionConfigurationPlatforms) = preSolution
		Debug|Any CPU = Debug|Any CPU
		Debug|x64 = Debug|x64
		Debug|x86 = Debug|x86
		Release|Any CPU = Release|Any CPU
		Release|x64 = Release|x64
		Release|x86 = Release|x86
	EndGlobalSection
	GlobalSection(ProjectConfigurationPlatforms) = postSolution
		{A671E466-C324-4B9B-9CB9-F03BFFBB123C}.Debug|Any CPU.ActiveCfg = Debug|Any CPU
		{A671E466-C324-4B9B-9CB9-F03BFFBB123C}.Debug|Any CPU.Build.0 = Debug|Any CPU
		{A671E466-C324-4B9B-9CB9-F03BFFBB123C}.Debug|x64.ActiveCfg = Debug|Any CPU
		{A671E466-C324-4B9B-9CB9-F03BFFBB123C}.Debug|x64.Build.0 = Debug|Any CPU
		{A671E466-C324-4B9B-9CB9-F03BFFBB123C}.Debug|x86.ActiveCfg = Debug|Any CPU
		{A671E466-C324-4B9B-9CB9-F03BFFBB123C}.Debug|x86.Build.0 = Debug|Any CPU
		{A671E466-C324-4B9B-9CB9-F03BFFBB123C}.Release|Any CPU.ActiveCfg = Release|Any CPU
		{A671E466-C324-4B9B-9CB9-F03BFFBB123C}.Release|Any CPU.Build.0 = Release|Any CPU
		{A671E466-C324-4B9B-9CB9-F03BFFBB123C}.Release|x64.ActiveCfg = Release|Any CPU
		{A671E466-C324-4B9B-9CB9-F03BFFBB123C}.Release|x64.Build.0 = Release|Any CPU
		{A671E466-C324-4B9B-9CB9-F03BFFBB123C}.Release|x86.ActiveCfg = Release|Any CPU
		{A671E466-C324-4B9B-9CB9-F03BFFBB123C}.Release|x86.Build.0 = Release|Any CPU
		{ADCD7A23-778D-492F-8998-6D9FB26CA890}.Debug|Any CPU.ActiveCfg = Debug|Any CPU
		{ADCD7A23-778D-492F-8998-6D9FB26CA890}.Debug|Any CPU.Build.0 = Debug|Any CPU
		{ADCD7A23-778D-492F-8998-6D9FB26CA890}.Debug|x64.ActiveCfg = Debug|Any CPU
		{ADCD7A23-778D-492F-8998-6D9FB26CA890}.Debug|x64.Build.0 = Debug|Any CPU
		{ADCD7A23-778D-492F-8998-6D9FB26CA890}.Debug|x86.ActiveCfg = Debug|Any CPU
		{ADCD7A23-778D-492F-8998-6D9FB26CA890}.Debug|x86.Build.0 = Debug|Any CPU
		{ADCD7A23-778D-492F-8998-6D9FB26CA890}.Release|Any CPU.ActiveCfg = Release|Any CPU
		{ADCD7A23-778D-492F-8998-6D9FB26CA890}.Release|Any CPU.Build.0 = Release|Any CPU
		{ADCD7A23-778D-492F-8998-6D9FB26CA890}.Release|x64.ActiveCfg = Release|Any CPU
		{ADCD7A23-778D-492F-8998-6D9FB26CA890}.Release|x64.Build.0 = Release|Any CPU
		{ADCD7A23-778D-492F-8998-6D9FB26CA890}.Release|x86.ActiveCfg = Release|Any CPU
		{ADCD7A23-778D-492F-8998-6D9FB26CA890}.Release|x86.Build.0 = Release|Any CPU
		{F2390EDC-0BCA-44A0-93F6-2CC5B8F22E8C}.Debug|Any CPU.ActiveCfg = Debug|Any CPU
		{F2390EDC-0BCA-44A0-93F6-2CC5B8F22E8C}.Debug|Any CPU.Build.0 = Debug|Any CPU
		{F2390EDC-0BCA-44A0-93F6-2CC5B8F22E8C}.Debug|x64.ActiveCfg = Debug|Any CPU
		{F2390EDC-0BCA-44A0-93F6-2CC5B8F22E8C}.Debug|x64.Build.0 = Debug|Any CPU
		{F2390EDC-0BCA-44A0-93F6-2CC5B8F22E8C}.Debug|x86.ActiveCfg = Debug|Any CPU
		{F2390EDC-0BCA-44A0-93F6-2CC5B8F22E8C}.Debug|x86.Build.0 = Debug|Any CPU
		{F2390EDC-0BCA-44A0-93F6-2CC5B8F22E8C}.Release|Any CPU.ActiveCfg = Release|Any CPU
		{F2390EDC-0BCA-44A0-93F6-2CC5B8F22E8C}.Release|Any CPU.Build.0 = Release|Any CPU
		{F2390EDC-0BCA-44A0-93F6-2CC5B8F22E8C}.Release|x64.ActiveCfg = Release|Any CPU
		{F2390EDC-0BCA-44A0-93F6-2CC5B8F22E8C}.Release|x64.Build.0 = Release|Any CPU
		{F2390EDC-0BCA-44A0-93F6-2CC5B8F22E8C}.Release|x86.ActiveCfg = Release|Any CPU
		{F2390EDC-0BCA-44A0-93F6-2CC5B8F22E8C}.Release|x86.Build.0 = Release|Any CPU
		{B935424B-9559-4EF6-A9E0-857AEF236311}.Debug|Any CPU.ActiveCfg = Debug|Any CPU
		{B935424B-9559-4EF6-A9E0-857AEF236311}.Debug|Any CPU.Build.0 = Debug|Any CPU
		{B935424B-9559-4EF6-A9E0-857AEF236311}.Debug|x64.ActiveCfg = Debug|Any CPU
		{B935424B-9559-4EF6-A9E0-857AEF236311}.Debug|x64.Build.0 = Debug|Any CPU
		{B935424B-9559-4EF6-A9E0-857AEF236311}.Debug|x86.ActiveCfg = Debug|Any CPU
		{B935424B-9559-4EF6-A9E0-857AEF236311}.Debug|x86.Build.0 = Debug|Any CPU
		{B935424B-9559-4EF6-A9E0-857AEF236311}.Release|Any CPU.ActiveCfg = Release|Any CPU
		{B935424B-9559-4EF6-A9E0-857AEF236311}.Release|Any CPU.Build.0 = Release|Any CPU
		{B935424B-9559-4EF6-A9E0-857AEF236311}.Release|x64.ActiveCfg = Release|Any CPU
		{B935424B-9559-4EF6-A9E0-857AEF236311}.Release|x64.Build.0 = Release|Any CPU
		{B935424B-9559-4EF6-A9E0-857AEF236311}.Release|x86.ActiveCfg = Release|Any CPU
		{B935424B-9559-4EF6-A9E0-857AEF236311}.Release|x86.Build.0 = Release|Any CPU
	EndGlobalSection
	GlobalSection(SolutionProperties) = preSolution
		HideSolutionNode = FALSE
	EndGlobalSection
	GlobalSection(ExtensibilityGlobals) = postSolution
		SolutionGuid = {400B58F5-6F89-45AE-8D16-10D74936C431}
	EndGlobalSection
EndGlobal
